
Microsoft Visual Studio Solution File, Format Version 12.00
# Visual Studio 2013
VisualStudioVersion = 12.0.21005.1
MinimumVisualStudioVersion = 10.0.40219.1
Project("{FAE04EC0-301F-11D3-BF4B-00C04F79EFBC}") = "ExifMetadata", "ExifMetadata\ExifMetadata.csproj", "{ABD4E13C-1A47-4082-8D77-8F1E9312B1FA}"
EndProject
Project("{FAE04EC0-301F-11D3-BF4B-00C04F79EFBC}") = "Demo", "Demo\Demo.csproj", "{83C2C02D-65E1-4203-A3DE-5C2EDA2267D2}"
EndProject
Global
	GlobalSection(SolutionConfigurationPlatforms) = preSolution
		Debug|Any CPU = Debug|Any CPU
		Release|Any CPU = Release|Any CPU
	EndGlobalSection
	GlobalSection(ProjectConfigurationPlatforms) = postSolution
		{ABD4E13C-1A47-4082-8D77-8F1E9312B1FA}.Debug|Any CPU.ActiveCfg = Debug|Any CPU
		{ABD4E13C-1A47-4082-8D77-8F1E9312B1FA}.Debug|Any CPU.Build.0 = Debug|Any CPU
		{ABD4E13C-1A47-4082-8D77-8F1E9312B1FA}.Release|Any CPU.ActiveCfg = Release|Any CPU
		{ABD4E13C-1A47-4082-8D77-8F1E9312B1FA}.Release|Any CPU.Build.0 = Release|Any CPU
		{83C2C02D-65E1-4203-A3DE-5C2EDA2267D2}.Debug|Any CPU.ActiveCfg = Debug|Any CPU
		{83C2C02D-65E1-4203-A3DE-5C2EDA2267D2}.Debug|Any CPU.Build.0 = Debug|Any CPU
		{83C2C02D-65E1-4203-A3DE-5C2EDA2267D2}.Release|Any CPU.ActiveCfg = Release|Any CPU
		{83C2C02D-65E1-4203-A3DE-5C2EDA2267D2}.Release|Any CPU.Build.0 = Release|Any CPU
	EndGlobalSection
	GlobalSection(SolutionProperties) = preSolution
		HideSolutionNode = FALSE
	EndGlobalSection
	GlobalSection(TestCaseManagementSettings) = postSolution
		CategoryFile = grinder.vsmdi
	EndGlobalSection
EndGlobal
